// !$*UTF8*$!
{
	archiveVersion = 1;
	classes = {
	};
	objectVersion = 46;
	objects = {

/* Begin PBXBuildFile section */
		4E2F34BE1AB22FA700406DD0 /* AppDelegate.swift in Sources */ = {isa = PBXBuildFile; fileRef = 4E2F34BD1AB22FA700406DD0 /* AppDelegate.swift */; };
		4E2F34C31AB22FA700406DD0 /* Main.storyboard in Resources */ = {isa = PBXBuildFile; fileRef = 4E2F34C11AB22FA700406DD0 /* Main.storyboard */; };
		4E2F34C51AB22FA700406DD0 /* Images.xcassets in Resources */ = {isa = PBXBuildFile; fileRef = 4E2F34C41AB22FA700406DD0 /* Images.xcassets */; };
		4E2F34C81AB22FA700406DD0 /* LaunchScreen.xib in Resources */ = {isa = PBXBuildFile; fileRef = 4E2F34C61AB22FA700406DD0 /* LaunchScreen.xib */; };
		4E2F34D41AB22FA700406DD0 /* MemeMeTests.swift in Sources */ = {isa = PBXBuildFile; fileRef = 4E2F34D31AB22FA700406DD0 /* MemeMeTests.swift */; };
		4E2F34DE1AB38F0100406DD0 /* Meme.swift in Sources */ = {isa = PBXBuildFile; fileRef = 4E2F34DD1AB38F0100406DD0 /* Meme.swift */; };
		4E399CB11AB74D30008C6D43 /* MemeCollectionViewController.swift in Sources */ = {isa = PBXBuildFile; fileRef = 4E399CB01AB74D30008C6D43 /* MemeCollectionViewController.swift */; };
		4E399CB51AB8E227008C6D43 /* MemeMeTableViewController.swift in Sources */ = {isa = PBXBuildFile; fileRef = 4E399CB41AB8E227008C6D43 /* MemeMeTableViewController.swift */; };
		4E399CB71AB8E48E008C6D43 /* MemeDetailViewController.swift in Sources */ = {isa = PBXBuildFile; fileRef = 4E399CB61AB8E48E008C6D43 /* MemeDetailViewController.swift */; };
		4E7E66571ABA112600718ACE /* MemeMeViewController.swift in Sources */ = {isa = PBXBuildFile; fileRef = 4E7E66561ABA112600718ACE /* MemeMeViewController.swift */; };
		4E7E66621ABA26F900718ACE /* collection_30x30.png in Resources */ = {isa = PBXBuildFile; fileRef = 4E7E66591ABA26F900718ACE /* collection_30x30.png */; };
		4E7E66631ABA26F900718ACE /* collection_60x60.png in Resources */ = {isa = PBXBuildFile; fileRef = 4E7E665A1ABA26F900718ACE /* collection_60x60.png */; };
		4E7E66641ABA26F900718ACE /* collection_90x90.png in Resources */ = {isa = PBXBuildFile; fileRef = 4E7E665B1ABA26F900718ACE /* collection_90x90.png */; };
		4E7E66651ABA26F900718ACE /* LaunchImage.png in Resources */ = {isa = PBXBuildFile; fileRef = 4E7E665C1ABA26F900718ACE /* LaunchImage.png */; };
		4E7E66661ABA26F900718ACE /* MemeGenerator_120 copy.png in Resources */ = {isa = PBXBuildFile; fileRef = 4E7E665D1ABA26F900718ACE /* MemeGenerator_120 copy.png */; };
		4E7E66671ABA26F900718ACE /* MemeGenerator_180 copy.png in Resources */ = {isa = PBXBuildFile; fileRef = 4E7E665E1ABA26F900718ACE /* MemeGenerator_180 copy.png */; };
		4E7E66681ABA26F900718ACE /* table_30x30.png in Resources */ = {isa = PBXBuildFile; fileRef = 4E7E665F1ABA26F900718ACE /* table_30x30.png */; };
		4E7E66691ABA26F900718ACE /* table_60x60.png in Resources */ = {isa = PBXBuildFile; fileRef = 4E7E66601ABA26F900718ACE /* table_60x60.png */; };
		4E7E666A1ABA26F900718ACE /* table_90x90.png in Resources */ = {isa = PBXBuildFile; fileRef = 4E7E66611ABA26F900718ACE /* table_90x90.png */; };
		4E7E666C1ABA335700718ACE /* MemeMeCollectionViewCell.swift in Sources */ = {isa = PBXBuildFile; fileRef = 4E7E666B1ABA335700718ACE /* MemeMeCollectionViewCell.swift */; };
/* End PBXBuildFile section */

/* Begin PBXContainerItemProxy section */
		4E2F34CE1AB22FA700406DD0 /* PBXContainerItemProxy */ = {
			isa = PBXContainerItemProxy;
			containerPortal = 4E2F34B01AB22FA700406DD0 /* Project object */;
			proxyType = 1;
			remoteGlobalIDString = 4E2F34B71AB22FA700406DD0;
			remoteInfo = MemeMe;
		};
/* End PBXContainerItemProxy section */

/* Begin PBXFileReference section */
		4E2F34B81AB22FA700406DD0 /* MemeMe.app */ = {isa = PBXFileReference; explicitFileType = wrapper.application; includeInIndex = 0; path = MemeMe.app; sourceTree = BUILT_PRODUCTS_DIR; };
		4E2F34BC1AB22FA700406DD0 /* Info.plist */ = {isa = PBXFileReference; lastKnownFileType = text.plist.xml; path = Info.plist; sourceTree = "<group>"; };
		4E2F34BD1AB22FA700406DD0 /* AppDelegate.swift */ = {isa = PBXFileReference; lastKnownFileType = sourcecode.swift; path = AppDelegate.swift; sourceTree = "<group>"; };
		4E2F34C21AB22FA700406DD0 /* Base */ = {isa = PBXFileReference; lastKnownFileType = file.storyboard; name = Base; path = Base.lproj/Main.storyboard; sourceTree = "<group>"; };
		4E2F34C41AB22FA700406DD0 /* Images.xcassets */ = {isa = PBXFileReference; lastKnownFileType = folder.assetcatalog; path = Images.xcassets; sourceTree = "<group>"; };
		4E2F34C71AB22FA700406DD0 /* Base */ = {isa = PBXFileReference; lastKnownFileType = file.xib; name = Base; path = Base.lproj/LaunchScreen.xib; sourceTree = "<group>"; };
		4E2F34CD1AB22FA700406DD0 /* MemeMeTests.xctest */ = {isa = PBXFileReference; explicitFileType = wrapper.cfbundle; includeInIndex = 0; path = MemeMeTests.xctest; sourceTree = BUILT_PRODUCTS_DIR; };
		4E2F34D21AB22FA700406DD0 /* Info.plist */ = {isa = PBXFileReference; lastKnownFileType = text.plist.xml; path = Info.plist; sourceTree = "<group>"; };
		4E2F34D31AB22FA700406DD0 /* MemeMeTests.swift */ = {isa = PBXFileReference; lastKnownFileType = sourcecode.swift; path = MemeMeTests.swift; sourceTree = "<group>"; };
		4E2F34DD1AB38F0100406DD0 /* Meme.swift */ = {isa = PBXFileReference; fileEncoding = 4; lastKnownFileType = sourcecode.swift; path = Meme.swift; sourceTree = "<group>"; };
		4E399CB01AB74D30008C6D43 /* MemeCollectionViewController.swift */ = {isa = PBXFileReference; fileEncoding = 4; lastKnownFileType = sourcecode.swift; path = MemeCollectionViewController.swift; sourceTree = "<group>"; };
		4E399CB41AB8E227008C6D43 /* MemeMeTableViewController.swift */ = {isa = PBXFileReference; fileEncoding = 4; lastKnownFileType = sourcecode.swift; path = MemeMeTableViewController.swift; sourceTree = "<group>"; };
		4E399CB61AB8E48E008C6D43 /* MemeDetailViewController.swift */ = {isa = PBXFileReference; fileEncoding = 4; lastKnownFileType = sourcecode.swift; path = MemeDetailViewController.swift; sourceTree = "<group>"; };
		4E7E66561ABA112600718ACE /* MemeMeViewController.swift */ = {isa = PBXFileReference; fileEncoding = 4; lastKnownFileType = sourcecode.swift; path = MemeMeViewController.swift; sourceTree = "<group>"; };
		4E7E66591ABA26F900718ACE /* collection_30x30.png */ = {isa = PBXFileReference; lastKnownFileType = image.png; path = collection_30x30.png; sourceTree = "<group>"; };
		4E7E665A1ABA26F900718ACE /* collection_60x60.png */ = {isa = PBXFileReference; lastKnownFileType = image.png; path = collection_60x60.png; sourceTree = "<group>"; };
		4E7E665B1ABA26F900718ACE /* collection_90x90.png */ = {isa = PBXFileReference; lastKnownFileType = image.png; path = collection_90x90.png; sourceTree = "<group>"; };
		4E7E665C1ABA26F900718ACE /* LaunchImage.png */ = {isa = PBXFileReference; lastKnownFileType = image.png; path = LaunchImage.png; sourceTree = "<group>"; };
		4E7E665D1ABA26F900718ACE /* MemeGenerator_120 copy.png */ = {isa = PBXFileReference; lastKnownFileType = image.png; path = "MemeGenerator_120 copy.png"; sourceTree = "<group>"; };
		4E7E665E1ABA26F900718ACE /* MemeGenerator_180 copy.png */ = {isa = PBXFileReference; lastKnownFileType = image.png; path = "MemeGenerator_180 copy.png"; sourceTree = "<group>"; };
		4E7E665F1ABA26F900718ACE /* table_30x30.png */ = {isa = PBXFileReference; lastKnownFileType = image.png; path = table_30x30.png; sourceTree = "<group>"; };
		4E7E66601ABA26F900718ACE /* table_60x60.png */ = {isa = PBXFileReference; lastKnownFileType = image.png; path = table_60x60.png; sourceTree = "<group>"; };
		4E7E66611ABA26F900718ACE /* table_90x90.png */ = {isa = PBXFileReference; lastKnownFileType = image.png; path = table_90x90.png; sourceTree = "<group>"; };
		4E7E666B1ABA335700718ACE /* MemeMeCollectionViewCell.swift */ = {isa = PBXFileReference; fileEncoding = 4; lastKnownFileType = sourcecode.swift; path = MemeMeCollectionViewCell.swift; sourceTree = "<group>"; };
/* End PBXFileReference section */

/* Begin PBXFrameworksBuildPhase section */
		4E2F34B51AB22FA700406DD0 /* Frameworks */ = {
			isa = PBXFrameworksBuildPhase;
			buildActionMask = 2147483647;
			files = (
			);
			runOnlyForDeploymentPostprocessing = 0;
		};
		4E2F34CA1AB22FA700406DD0 /* Frameworks */ = {
			isa = PBXFrameworksBuildPhase;
			buildActionMask = 2147483647;
			files = (
			);
			runOnlyForDeploymentPostprocessing = 0;
		};
/* End PBXFrameworksBuildPhase section */

/* Begin PBXGroup section */
		4E2F34AF1AB22FA700406DD0 = {
			isa = PBXGroup;
			children = (
				4E2F34BA1AB22FA700406DD0 /* MemeMe */,
				4E2F34D01AB22FA700406DD0 /* MemeMeTests */,
				4E2F34B91AB22FA700406DD0 /* Products */,
			);
			sourceTree = "<group>";
		};
		4E2F34B91AB22FA700406DD0 /* Products */ = {
			isa = PBXGroup;
			children = (
				4E2F34B81AB22FA700406DD0 /* MemeMe.app */,
				4E2F34CD1AB22FA700406DD0 /* MemeMeTests.xctest */,
			);
			name = Products;
			sourceTree = "<group>";
		};
		4E2F34BA1AB22FA700406DD0 /* MemeMe */ = {
			isa = PBXGroup;
			children = (
				4E7E66581ABA26F900718ACE /* images */,
				4E7E66561ABA112600718ACE /* MemeMeViewController.swift */,
				4E399CB01AB74D30008C6D43 /* MemeCollectionViewController.swift */,
				4E7E666B1ABA335700718ACE /* MemeMeCollectionViewCell.swift */,
				4E399CB61AB8E48E008C6D43 /* MemeDetailViewController.swift */,
				4E399CB41AB8E227008C6D43 /* MemeMeTableViewController.swift */,
				4E2F34BD1AB22FA700406DD0 /* AppDelegate.swift */,
				4E2F34C11AB22FA700406DD0 /* Main.storyboard */,
				4E2F34C41AB22FA700406DD0 /* Images.xcassets */,
				4E2F34C61AB22FA700406DD0 /* LaunchScreen.xib */,
				4E2F34BB1AB22FA700406DD0 /* Supporting Files */,
				4E2F34DD1AB38F0100406DD0 /* Meme.swift */,
			);
			path = MemeMe;
			sourceTree = "<group>";
		};
		4E2F34BB1AB22FA700406DD0 /* Supporting Files */ = {
			isa = PBXGroup;
			children = (
				4E2F34BC1AB22FA700406DD0 /* Info.plist */,
			);
			name = "Supporting Files";
			sourceTree = "<group>";
		};
		4E2F34D01AB22FA700406DD0 /* MemeMeTests */ = {
			isa = PBXGroup;
			children = (
				4E2F34D31AB22FA700406DD0 /* MemeMeTests.swift */,
				4E2F34D11AB22FA700406DD0 /* Supporting Files */,
			);
			path = MemeMeTests;
			sourceTree = "<group>";
		};
		4E2F34D11AB22FA700406DD0 /* Supporting Files */ = {
			isa = PBXGroup;
			children = (
				4E2F34D21AB22FA700406DD0 /* Info.plist */,
			);
			name = "Supporting Files";
			sourceTree = "<group>";
		};
		4E7E66581ABA26F900718ACE /* images */ = {
			isa = PBXGroup;
			children = (
				4E7E66591ABA26F900718ACE /* collection_30x30.png */,
				4E7E665A1ABA26F900718ACE /* collection_60x60.png */,
				4E7E665B1ABA26F900718ACE /* collection_90x90.png */,
				4E7E665C1ABA26F900718ACE /* LaunchImage.png */,
				4E7E665D1ABA26F900718ACE /* MemeGenerator_120 copy.png */,
				4E7E665E1ABA26F900718ACE /* MemeGenerator_180 copy.png */,
				4E7E665F1ABA26F900718ACE /* table_30x30.png */,
				4E7E66601ABA26F900718ACE /* table_60x60.png */,
				4E7E66611ABA26F900718ACE /* table_90x90.png */,
			);
			path = images;
			sourceTree = "<group>";
		};
/* End PBXGroup section */

/* Begin PBXNativeTarget section */
		4E2F34B71AB22FA700406DD0 /* MemeMe */ = {
			isa = PBXNativeTarget;
			buildConfigurationList = 4E2F34D71AB22FA700406DD0 /* Build configuration list for PBXNativeTarget "MemeMe" */;
			buildPhases = (
				4E2F34B41AB22FA700406DD0 /* Sources */,
				4E2F34B51AB22FA700406DD0 /* Frameworks */,
				4E2F34B61AB22FA700406DD0 /* Resources */,
			);
			buildRules = (
			);
			dependencies = (
			);
			name = MemeMe;
			productName = MemeMe;
			productReference = 4E2F34B81AB22FA700406DD0 /* MemeMe.app */;
			productType = "com.apple.product-type.application";
		};
		4E2F34CC1AB22FA700406DD0 /* MemeMeTests */ = {
			isa = PBXNativeTarget;
			buildConfigurationList = 4E2F34DA1AB22FA700406DD0 /* Build configuration list for PBXNativeTarget "MemeMeTests" */;
			buildPhases = (
				4E2F34C91AB22FA700406DD0 /* Sources */,
				4E2F34CA1AB22FA700406DD0 /* Frameworks */,
				4E2F34CB1AB22FA700406DD0 /* Resources */,
			);
			buildRules = (
			);
			dependencies = (
				4E2F34CF1AB22FA700406DD0 /* PBXTargetDependency */,
			);
			name = MemeMeTests;
			productName = MemeMeTests;
			productReference = 4E2F34CD1AB22FA700406DD0 /* MemeMeTests.xctest */;
			productType = "com.apple.product-type.bundle.unit-test";
		};
/* End PBXNativeTarget section */

/* Begin PBXProject section */
		4E2F34B01AB22FA700406DD0 /* Project object */ = {
			isa = PBXProject;
			attributes = {
				LastUpgradeCheck = 0620;
				ORGANIZATIONNAME = "FLO Media";
				TargetAttributes = {
					4E2F34B71AB22FA700406DD0 = {
						CreatedOnToolsVersion = 6.2;
					};
					4E2F34CC1AB22FA700406DD0 = {
						CreatedOnToolsVersion = 6.2;
						TestTargetID = 4E2F34B71AB22FA700406DD0;
					};
				};
			};
			buildConfigurationList = 4E2F34B31AB22FA700406DD0 /* Build configuration list for PBXProject "MemeMe" */;
			compatibilityVersion = "Xcode 3.2";
			developmentRegion = English;
			hasScannedForEncodings = 0;
			knownRegions = (
				en,
				Base,
			);
			mainGroup = 4E2F34AF1AB22FA700406DD0;
			productRefGroup = 4E2F34B91AB22FA700406DD0 /* Products */;
			projectDirPath = "";
			projectRoot = "";
			targets = (
				4E2F34B71AB22FA700406DD0 /* MemeMe */,
				4E2F34CC1AB22FA700406DD0 /* MemeMeTests */,
			);
		};
/* End PBXProject section */

/* Begin PBXResourcesBuildPhase section */
		4E2F34B61AB22FA700406DD0 /* Resources */ = {
			isa = PBXResourcesBuildPhase;
			buildActionMask = 2147483647;
			files = (
				4E7E66641ABA26F900718ACE /* collection_90x90.png in Resources */,
				4E7E66631ABA26F900718ACE /* collection_60x60.png in Resources */,
				4E7E66621ABA26F900718ACE /* collection_30x30.png in Resources */,
				4E7E66651ABA26F900718ACE /* LaunchImage.png in Resources */,
				4E7E66671ABA26F900718ACE /* MemeGenerator_180 copy.png in Resources */,
				4E7E66681ABA26F900718ACE /* table_30x30.png in Resources */,
				4E2F34C31AB22FA700406DD0 /* Main.storyboard in Resources */,
				4E7E666A1ABA26F900718ACE /* table_90x90.png in Resources */,
				4E7E66661ABA26F900718ACE /* MemeGenerator_120 copy.png in Resources */,
				4E7E66691ABA26F900718ACE /* table_60x60.png in Resources */,
				4E2F34C81AB22FA700406DD0 /* LaunchScreen.xib in Resources */,
				4E2F34C51AB22FA700406DD0 /* Images.xcassets in Resources */,
			);
			runOnlyForDeploymentPostprocessing = 0;
		};
		4E2F34CB1AB22FA700406DD0 /* Resources */ = {
			isa = PBXResourcesBuildPhase;
			buildActionMask = 2147483647;
			files = (
			);
			runOnlyForDeploymentPostprocessing = 0;
		};
/* End PBXResourcesBuildPhase section */

/* Begin PBXSourcesBuildPhase section */
		4E2F34B41AB22FA700406DD0 /* Sources */ = {
			isa = PBXSourcesBuildPhase;
			buildActionMask = 2147483647;
			files = (
				4E399CB11AB74D30008C6D43 /* MemeCollectionViewController.swift in Sources */,
				4E2F34DE1AB38F0100406DD0 /* Meme.swift in Sources */,
				4E7E66571ABA112600718ACE /* MemeMeViewController.swift in Sources */,
				4E2F34BE1AB22FA700406DD0 /* AppDelegate.swift in Sources */,
				4E399CB71AB8E48E008C6D43 /* MemeDetailViewController.swift in Sources */,
				4E7E666C1ABA335700718ACE /* MemeMeCollectionViewCell.swift in Sources */,
				4E399CB51AB8E227008C6D43 /* MemeMeTableViewController.swift in Sources */,
			);
			runOnlyForDeploymentPostprocessing = 0;
		};
		4E2F34C91AB22FA700406DD0 /* Sources */ = {
			isa = PBXSourcesBuildPhase;
			buildActionMask = 2147483647;
			files = (
				4E2F34D41AB22FA700406DD0 /* MemeMeTests.swift in Sources */,
			);
			runOnlyForDeploymentPostprocessing = 0;
		};
/* End PBXSourcesBuildPhase section */

/* Begin PBXTargetDependency section */
		4E2F34CF1AB22FA700406DD0 /* PBXTargetDependency */ = {
			isa = PBXTargetDependency;
			target = 4E2F34B71AB22FA700406DD0 /* MemeMe */;
			targetProxy = 4E2F34CE1AB22FA700406DD0 /* PBXContainerItemProxy */;
		};
/* End PBXTargetDependency section */

/* Begin PBXVariantGroup section */
		4E2F34C11AB22FA700406DD0 /* Main.storyboard */ = {
			isa = PBXVariantGroup;
			children = (
				4E2F34C21AB22FA700406DD0 /* Base */,
			);
			name = Main.storyboard;
			sourceTree = "<group>";
		};
		4E2F34C61AB22FA700406DD0 /* LaunchScreen.xib */ = {
			isa = PBXVariantGroup;
			children = (
				4E2F34C71AB22FA700406DD0 /* Base */,
			);
			name = LaunchScreen.xib;
			sourceTree = "<group>";
		};
/* End PBXVariantGroup section */

/* Begin XCBuildConfiguration section */
		4E2F34D51AB22FA700406DD0 /* Debug */ = {
			isa = XCBuildConfiguration;
			buildSettings = {
				ALWAYS_SEARCH_USER_PATHS = NO;
				CLANG_CXX_LANGUAGE_STANDARD = "gnu++0x";
				CLANG_CXX_LIBRARY = "libc++";
				CLANG_ENABLE_MODULES = YES;
				CLANG_ENABLE_OBJC_ARC = YES;
				CLANG_WARN_BOOL_CONVERSION = YES;
				CLANG_WARN_CONSTANT_CONVERSION = YES;
				CLANG_WARN_DIRECT_OBJC_ISA_USAGE = YES_ERROR;
				CLANG_WARN_EMPTY_BODY = YES;
				CLANG_WARN_ENUM_CONVERSION = YES;
				CLANG_WARN_INT_CONVERSION = YES;
				CLANG_WARN_OBJC_ROOT_CLASS = YES_ERROR;
				CLANG_WARN_UNREACHABLE_CODE = YES;
				CLANG_WARN__DUPLICATE_METHOD_MATCH = YES;
				"CODE_SIGN_IDENTITY[sdk=iphoneos*]" = "iPhone Developer";
				COPY_PHASE_STRIP = NO;
				ENABLE_STRICT_OBJC_MSGSEND = YES;
				GCC_C_LANGUAGE_STANDARD = gnu99;
				GCC_DYNAMIC_NO_PIC = NO;
				GCC_OPTIMIZATION_LEVEL = 0;
				GCC_PREPROCESSOR_DEFINITIONS = (
					"DEBUG=1",
					"$(inherited)",
				);
				GCC_SYMBOLS_PRIVATE_EXTERN = NO;
				GCC_WARN_64_TO_32_BIT_CONVERSION = YES;
				GCC_WARN_ABOUT_RETURN_TYPE = YES_ERROR;
				GCC_WARN_UNDECLARED_SELECTOR = YES;
				GCC_WARN_UNINITIALIZED_AUTOS = YES_AGGRESSIVE;
				GCC_WARN_UNUSED_FUNCTION = YES;
				GCC_WARN_UNUSED_VARIABLE = YES;
				IPHONEOS_DEPLOYMENT_TARGET = 8.2;
				MTL_ENABLE_DEBUG_INFO = YES;
				ONLY_ACTIVE_ARCH = YES;
				SDKROOT = iphoneos;
				SWIFT_OPTIMIZATION_LEVEL = "-Onone";
			};
			name = Debug;
		};
		4E2F34D61AB22FA700406DD0 /* Release */ = {
			isa = XCBuildConfiguration;
			buildSettings = {
				ALWAYS_SEARCH_USER_PATHS = NO;
				CLANG_CXX_LANGUAGE_STANDARD = "gnu++0x";
				CLANG_CXX_LIBRARY = "libc++";
				CLANG_ENABLE_MODULES = YES;
				CLANG_ENABLE_OBJC_ARC = YES;
				CLANG_WARN_BOOL_CONVERSION = YES;
				CLANG_WARN_CONSTANT_CONVERSION = YES;
				CLANG_WARN_DIRECT_OBJC_ISA_USAGE = YES_ERROR;
				CLANG_WARN_EMPTY_BODY = YES;
				CLANG_WARN_ENUM_CONVERSION = YES;
				CLANG_WARN_INT_CONVERSION = YES;
				CLANG_WARN_OBJC_ROOT_CLASS = YES_ERROR;
				CLANG_WARN_UNREACHABLE_CODE = YES;
				CLANG_WARN__DUPLICATE_METHOD_MATCH = YES;
				"CODE_SIGN_IDENTITY[sdk=iphoneos*]" = "iPhone Developer";
				COPY_PHASE_STRIP = NO;
				ENABLE_NS_ASSERTIONS = NO;
				ENABLE_STRICT_OBJC_MSGSEND = YES;
				GCC_C_LANGUAGE_STANDARD = gnu99;
				GCC_WARN_64_TO_32_BIT_CONVERSION = YES;
				GCC_WARN_ABOUT_RETURN_TYPE = YES_ERROR;
				GCC_WARN_UNDECLARED_SELECTOR = YES;
				GCC_WARN_UNINITIALIZED_AUTOS = YES_AGGRESSIVE;
				GCC_WARN_UNUSED_FUNCTION = YES;
				GCC_WARN_UNUSED_VARIABLE = YES;
				IPHONEOS_DEPLOYMENT_TARGET = 8.2;
				MTL_ENABLE_DEBUG_INFO = NO;
				SDKROOT = iphoneos;
				VALIDATE_PRODUCT = YES;
			};
			name = Release;
		};
		4E2F34D81AB22FA700406DD0 /* Debug */ = {
			isa = XCBuildConfiguration;
			buildSettings = {
				ASSETCATALOG_COMPILER_APPICON_NAME = AppIcon;
				INFOPLIST_FILE = MemeMe/Info.plist;
				LD_RUNPATH_SEARCH_PATHS = "$(inherited) @executable_path/Frameworks";
				PRODUCT_NAME = "$(TARGET_NAME)";
			};
			name = Debug;
		};
		4E2F34D91AB22FA700406DD0 /* Release */ = {
			isa = XCBuildConfiguration;
			buildSettings = {
				ASSETCATALOG_COMPILER_APPICON_NAME = AppIcon;
				INFOPLIST_FILE = MemeMe/Info.plist;
				LD_RUNPATH_SEARCH_PATHS = "$(inherited) @executable_path/Frameworks";
				PRODUCT_NAME = "$(TARGET_NAME)";
			};
			name = Release;
		};
		4E2F34DB1AB22FA700406DD0 /* Debug */ = {
			isa = XCBuildConfiguration;
			buildSettings = {
				BUNDLE_LOADER = "$(TEST_HOST)";
				FRAMEWORK_SEARCH_PATHS = (
					"$(SDKROOT)/Developer/Library/Frameworks",
					"$(inherited)",
				);
				GCC_PREPROCESSOR_DEFINITIONS = (
					"DEBUG=1",
					"$(inherited)",
				);
				INFOPLIST_FILE = MemeMeTests/Info.plist;
				LD_RUNPATH_SEARCH_PATHS = "$(inherited) @executable_path/Frameworks @loader_path/Frameworks";
				PRODUCT_NAME = "$(TARGET_NAME)";
				TEST_HOST = "$(BUILT_PRODUCTS_DIR)/MemeMe.app/MemeMe";
			};
			name = Debug;
		};
		4E2F34DC1AB22FA700406DD0 /* Release */ = {
			isa = XCBuildConfiguration;
			buildSettings = {
				BUNDLE_LOADER = "$(TEST_HOST)";
				FRAMEWORK_SEARCH_PATHS = (
					"$(SDKROOT)/Developer/Library/Frameworks",
					"$(inherited)",
				);
				INFOPLIST_FILE = MemeMeTests/Info.plist;
				LD_RUNPATH_SEARCH_PATHS = "$(inherited) @executable_path/Frameworks @loader_path/Frameworks";
				PRODUCT_NAME = "$(TARGET_NAME)";
				TEST_HOST = "$(BUILT_PRODUCTS_DIR)/MemeMe.app/MemeMe";
			};
			name = Release;
		};
/* End XCBuildConfiguration section */

/* Begin XCConfigurationList section */
		4E2F34B31AB22FA700406DD0 /* Build configuration list for PBXProject "MemeMe" */ = {
			isa = XCConfigurationList;
			buildConfigurations = (
				4E2F34D51AB22FA700406DD0 /* Debug */,
				4E2F34D61AB22FA700406DD0 /* Release */,
			);
			defaultConfigurationIsVisible = 0;
			defaultConfigurationName = Release;
		};
		4E2F34D71AB22FA700406DD0 /* Build configuration list for PBXNativeTarget "MemeMe" */ = {
			isa = XCConfigurationList;
			buildConfigurations = (
				4E2F34D81AB22FA700406DD0 /* Debug */,
				4E2F34D91AB22FA700406DD0 /* Release */,
			);
			defaultConfigurationIsVisible = 0;
			defaultConfigurationName = Release;
		};
		4E2F34DA1AB22FA700406DD0 /* Build configuration list for PBXNativeTarget "MemeMeTests" */ = {
			isa = XCConfigurationList;
			buildConfigurations = (
				4E2F34DB1AB22FA700406DD0 /* Debug */,
				4E2F34DC1AB22FA700406DD0 /* Release */,
			);
			defaultConfigurationIsVisible = 0;
			defaultConfigurationName = Release;
		};
/* End XCConfigurationList section */
	};
	rootObject = 4E2F34B01AB22FA700406DD0 /* Project object */;
}
